
Microsoft Visual Studio Solution File, Format Version 10.00
# Visual Studio 2008
Project("{FAE04EC0-301F-11D3-BF4B-00C04F79EFBC}") = "DesignSurfaceExt", "DesignSurfaceExt\DesignSurfaceExt\DesignSurfaceExt.csproj", "{E96C74BA-9F74-4289-BF72-45CAD472D3D2}"
EndProject
Project("{FAE04EC0-301F-11D3-BF4B-00C04F79EFBC}") = "DemoConsoleForDesignSurfaceExt", "DesignSurfaceExt\DemoConsole\DemoConsoleForDesignSurfaceExt.csproj", "{93310A19-DDCA-4BCD-AEDE-5C5D788DAFB4}"
EndProject
Project("{FAE04EC0-301F-11D3-BF4B-00C04F79EFBC}") = "DemoConsoleForDesignSurfaceExt2", "DesignSurfaceExt\DemoConsole2\DemoConsoleForDesignSurfaceExt2.csproj", "{4FEE854C-F994-4176-9604-A680F8E95C2B}"
EndProject
Project("{FAE04EC0-301F-11D3-BF4B-00C04F79EFBC}") = "DesignSurfaceManagerExt", "DesignSurfaceManagerExt\DesignSurfaceManagerExt\DesignSurfaceManagerExt.csproj", "{2EBA814A-C9D9-4AE1-934B-0E5ACFFD247E}"
EndProject
Project("{FAE04EC0-301F-11D3-BF4B-00C04F79EFBC}") = "DemoConsoleForDesignSurfaceManagerExt", "DesignSurfaceManagerExt\DemoConsole\DemoConsoleForDesignSurfaceManagerExt.csproj", "{64B3E92F-70B1-4776-89AD-F1D6291CA5D3}"
EndProject
Project("{FAE04EC0-301F-11D3-BF4B-00C04F79EFBC}") = "pDesigner", "pDesigner\pDesigner\pDesigner.csproj", "{A1255440-79A2-4330-AD80-89F0BAFCE73F}"
EndProject
Project("{FAE04EC0-301F-11D3-BF4B-00C04F79EFBC}") = "DemoConsoleForpDesigner", "pDesigner\DemoConsole\DemoConsoleForpDesigner.csproj", "{60F0E327-D216-4BF1-9B2B-0BEA1D0103F6}"
EndProject
Global
	GlobalSection(SolutionConfigurationPlatforms) = preSolution
		Debug|Any CPU = Debug|Any CPU
		Release|Any CPU = Release|Any CPU
	EndGlobalSection
	GlobalSection(ProjectConfigurationPlatforms) = postSolution
		{E96C74BA-9F74-4289-BF72-45CAD472D3D2}.Debug|Any CPU.ActiveCfg = Debug|Any CPU
		{E96C74BA-9F74-4289-BF72-45CAD472D3D2}.Debug|Any CPU.Build.0 = Debug|Any CPU
		{E96C74BA-9F74-4289-BF72-45CAD472D3D2}.Release|Any CPU.ActiveCfg = Release|Any CPU
		{E96C74BA-9F74-4289-BF72-45CAD472D3D2}.Release|Any CPU.Build.0 = Release|Any CPU
		{93310A19-DDCA-4BCD-AEDE-5C5D788DAFB4}.Debug|Any CPU.ActiveCfg = Debug|Any CPU
		{93310A19-DDCA-4BCD-AEDE-5C5D788DAFB4}.Debug|Any CPU.Build.0 = Debug|Any CPU
		{93310A19-DDCA-4BCD-AEDE-5C5D788DAFB4}.Release|Any CPU.ActiveCfg = Release|Any CPU
		{4FEE854C-F994-4176-9604-A680F8E95C2B}.Debug|Any CPU.ActiveCfg = Debug|Any CPU
		{4FEE854C-F994-4176-9604-A680F8E95C2B}.Debug|Any CPU.Build.0 = Debug|Any CPU
		{4FEE854C-F994-4176-9604-A680F8E95C2B}.Release|Any CPU.ActiveCfg = Release|Any CPU
		{2EBA814A-C9D9-4AE1-934B-0E5ACFFD247E}.Debug|Any CPU.ActiveCfg = Debug|Any CPU
		{2EBA814A-C9D9-4AE1-934B-0E5ACFFD247E}.Debug|Any CPU.Build.0 = Debug|Any CPU
		{2EBA814A-C9D9-4AE1-934B-0E5ACFFD247E}.Release|Any CPU.ActiveCfg = Release|Any CPU
		{2EBA814A-C9D9-4AE1-934B-0E5ACFFD247E}.Release|Any CPU.Build.0 = Release|Any CPU
		{64B3E92F-70B1-4776-89AD-F1D6291CA5D3}.Debug|Any CPU.ActiveCfg = Debug|Any CPU
		{64B3E92F-70B1-4776-89AD-F1D6291CA5D3}.Debug|Any CPU.Build.0 = Debug|Any CPU
		{64B3E92F-70B1-4776-89AD-F1D6291CA5D3}.Release|Any CPU.ActiveCfg = Release|Any CPU
		{A1255440-79A2-4330-AD80-89F0BAFCE73F}.Debug|Any CPU.ActiveCfg = Debug|Any CPU
		{A1255440-79A2-4330-AD80-89F0BAFCE73F}.Debug|Any CPU.Build.0 = Debug|Any CPU
		{A1255440-79A2-4330-AD80-89F0BAFCE73F}.Release|Any CPU.ActiveCfg = Release|Any CPU
		{A1255440-79A2-4330-AD80-89F0BAFCE73F}.Release|Any CPU.Build.0 = Release|Any CPU
		{60F0E327-D216-4BF1-9B2B-0BEA1D0103F6}.Debug|Any CPU.ActiveCfg = Debug|Any CPU
		{60F0E327-D216-4BF1-9B2B-0BEA1D0103F6}.Debug|Any CPU.Build.0 = Debug|Any CPU
		{60F0E327-D216-4BF1-9B2B-0BEA1D0103F6}.Release|Any CPU.ActiveCfg = Release|Any CPU
	EndGlobalSection
	GlobalSection(SolutionProperties) = preSolution
		HideSolutionNode = FALSE
	EndGlobalSection
EndGlobal
